
Microsoft Visual Studio Solution File, Format Version 12.00
# Visual Studio Version 16
VisualStudioVersion = 16.0.31019.35
MinimumVisualStudioVersion = 10.0.40219.1
Project("{FAE04EC0-301F-11D3-BF4B-00C04F79EFBC}") = "AspNetCoreIdentity", "AspNetCoreIdentity\AspNetCoreIdentity.csproj", "{65AF72CE-87E8-4692-8CA5-B852F4AF49A0}"
EndProject
Global
	GlobalSection(SolutionConfigurationPlatforms) = preSolution
		Debug|Any CPU = Debug|Any CPU
		Release|Any CPU = Release|Any CPU
	EndGlobalSection
	GlobalSection(ProjectConfigurationPlatforms) = postSolution
		{65AF72CE-87E8-4692-8CA5-B852F4AF49A0}.Debug|Any CPU.ActiveCfg = Debug|Any CPU
		{65AF72CE-87E8-4692-8CA5-B852F4AF49A0}.Debug|Any CPU.Build.0 = Debug|Any CPU
		{65AF72CE-87E8-4692-8CA5-B852F4AF49A0}.Release|Any CPU.ActiveCfg = Release|Any CPU
		{65AF72CE-87E8-4692-8CA5-B852F4AF49A0}.Release|Any CPU.Build.0 = Release|Any CPU
	EndGlobalSection
	GlobalSection(SolutionProperties) = preSolution
		HideSolutionNode = FALSE
	EndGlobalSection
	GlobalSection(ExtensibilityGlobals) = postSolution
		SolutionGuid = {3063AEC0-76DB-4859-BF5A-B50E6995C6AC}
	EndGlobalSection
EndGlobal
